
Microsoft Visual Studio Solution File, Format Version 12.00
# Visual Studio 14
VisualStudioVersion = 14.0.25420.1
MinimumVisualStudioVersion = 10.0.40219.1
Project("{8BC9CEB8-8B4A-11D0-8D11-00A0C91BC942}") = "Project3", "Project3\Project3.vcxproj", "{B4D0296B-8AFA-4FCD-85F5-0C5FF7D2A5C8}"
EndProject
Project("{8BC9CEB8-8B4A-11D0-8D11-00A0C91BC942}") = "Amort", "Amort\Amort.vcxproj", "{C2DE461D-D4A3-4101-A274-25469C2147B4}"
EndProject
Global
	GlobalSection(SolutionConfigurationPlatforms) = preSolution
		Debug|x64 = Debug|x64
		Debug|x86 = Debug|x86
		Release|x64 = Release|x64
		Release|x86 = Release|x86
	EndGlobalSection
	GlobalSection(ProjectConfigurationPlatforms) = postSolution
		{B4D0296B-8AFA-4FCD-85F5-0C5FF7D2A5C8}.Debug|x64.ActiveCfg = Debug|x64
		{B4D0296B-8AFA-4FCD-85F5-0C5FF7D2A5C8}.Debug|x64.Build.0 = Debug|x64
		{B4D0296B-8AFA-4FCD-85F5-0C5FF7D2A5C8}.Debug|x86.ActiveCfg = Debug|Win32
		{B4D0296B-8AFA-4FCD-85F5-0C5FF7D2A5C8}.Debug|x86.Build.0 = Debug|Win32
		{B4D0296B-8AFA-4FCD-85F5-0C5FF7D2A5C8}.Release|x64.ActiveCfg = Release|x64
		{B4D0296B-8AFA-4FCD-85F5-0C5FF7D2A5C8}.Release|x64.Build.0 = Release|x64
		{B4D0296B-8AFA-4FCD-85F5-0C5FF7D2A5C8}.Release|x86.ActiveCfg = Release|Win32
		{B4D0296B-8AFA-4FCD-85F5-0C5FF7D2A5C8}.Release|x86.Build.0 = Release|Win32
		{C2DE461D-D4A3-4101-A274-25469C2147B4}.Debug|x64.ActiveCfg = Debug|x64
		{C2DE461D-D4A3-4101-A274-25469C2147B4}.Debug|x64.Build.0 = Debug|x64
		{C2DE461D-D4A3-4101-A274-25469C2147B4}.Debug|x86.ActiveCfg = Debug|Win32
		{C2DE461D-D4A3-4101-A274-25469C2147B4}.Debug|x86.Build.0 = Debug|Win32
		{C2DE461D-D4A3-4101-A274-25469C2147B4}.Release|x64.ActiveCfg = Release|x64
		{C2DE461D-D4A3-4101-A274-25469C2147B4}.Release|x64.Build.0 = Release|x64
		{C2DE461D-D4A3-4101-A274-25469C2147B4}.Release|x86.ActiveCfg = Release|Win32
		{C2DE461D-D4A3-4101-A274-25469C2147B4}.Release|x86.Build.0 = Release|Win32
	EndGlobalSection
	GlobalSection(SolutionProperties) = preSolution
		HideSolutionNode = FALSE
	EndGlobalSection
EndGlobal
