
Microsoft Visual Studio Solution File, Format Version 12.00
# Visual Studio 14
VisualStudioVersion = 14.0.25420.1
MinimumVisualStudioVersion = 10.0.40219.1
Project("{8BC9CEB8-8B4A-11D0-8D11-00A0C91BC942}") = "LibDemo", "LibDemo\LibDemo.vcxproj", "{2A5D5372-C14F-498C-9A7C-4E6977273CBB}"
EndProject
Project("{8BC9CEB8-8B4A-11D0-8D11-00A0C91BC942}") = "library", "library\library.vcxproj", "{371737D0-C62B-482D-A453-2A634298B748}"
EndProject
Global
	GlobalSection(SolutionConfigurationPlatforms) = preSolution
		Debug|x64 = Debug|x64
		Debug|x86 = Debug|x86
		Release|x64 = Release|x64
		Release|x86 = Release|x86
	EndGlobalSection
	GlobalSection(ProjectConfigurationPlatforms) = postSolution
		{2A5D5372-C14F-498C-9A7C-4E6977273CBB}.Debug|x64.ActiveCfg = Debug|x64
		{2A5D5372-C14F-498C-9A7C-4E6977273CBB}.Debug|x64.Build.0 = Debug|x64
		{2A5D5372-C14F-498C-9A7C-4E6977273CBB}.Debug|x86.ActiveCfg = Debug|Win32
		{2A5D5372-C14F-498C-9A7C-4E6977273CBB}.Debug|x86.Build.0 = Debug|Win32
		{2A5D5372-C14F-498C-9A7C-4E6977273CBB}.Release|x64.ActiveCfg = Release|x64
		{2A5D5372-C14F-498C-9A7C-4E6977273CBB}.Release|x64.Build.0 = Release|x64
		{2A5D5372-C14F-498C-9A7C-4E6977273CBB}.Release|x86.ActiveCfg = Release|Win32
		{2A5D5372-C14F-498C-9A7C-4E6977273CBB}.Release|x86.Build.0 = Release|Win32
		{371737D0-C62B-482D-A453-2A634298B748}.Debug|x64.ActiveCfg = Debug|x64
		{371737D0-C62B-482D-A453-2A634298B748}.Debug|x64.Build.0 = Debug|x64
		{371737D0-C62B-482D-A453-2A634298B748}.Debug|x86.ActiveCfg = Debug|Win32
		{371737D0-C62B-482D-A453-2A634298B748}.Debug|x86.Build.0 = Debug|Win32
		{371737D0-C62B-482D-A453-2A634298B748}.Release|x64.ActiveCfg = Release|x64
		{371737D0-C62B-482D-A453-2A634298B748}.Release|x64.Build.0 = Release|x64
		{371737D0-C62B-482D-A453-2A634298B748}.Release|x86.ActiveCfg = Release|Win32
		{371737D0-C62B-482D-A453-2A634298B748}.Release|x86.Build.0 = Release|Win32
	EndGlobalSection
	GlobalSection(SolutionProperties) = preSolution
		HideSolutionNode = FALSE
	EndGlobalSection
EndGlobal
